
Microsoft Visual Studio Solution File, Format Version 12.00
# Visual Studio Version 17
VisualStudioVersion = 17.13.35825.156 d17.13
MinimumVisualStudioVersion = 10.0.40219.1
Project("{FAE04EC0-301F-11D3-BF4B-00C04F79EFBC}") = "10. Console.Project", "10. Console.Project\10. Console.Project.csproj", "{A5FA3DF9-A33E-4F64-BF37-7A003CB33623}"
EndProject
Global
	GlobalSection(SolutionConfigurationPlatforms) = preSolution
		Debug|Any CPU = Debug|Any CPU
		Release|Any CPU = Release|Any CPU
	EndGlobalSection
	GlobalSection(ProjectConfigurationPlatforms) = postSolution
		{A5FA3DF9-A33E-4F64-BF37-7A003CB33623}.Debug|Any CPU.ActiveCfg = Debug|Any CPU
		{A5FA3DF9-A33E-4F64-BF37-7A003CB33623}.Debug|Any CPU.Build.0 = Debug|Any CPU
		{A5FA3DF9-A33E-4F64-BF37-7A003CB33623}.Release|Any CPU.ActiveCfg = Release|Any CPU
		{A5FA3DF9-A33E-4F64-BF37-7A003CB33623}.Release|Any CPU.Build.0 = Release|Any CPU
	EndGlobalSection
	GlobalSection(SolutionProperties) = preSolution
		HideSolutionNode = FALSE
	EndGlobalSection
	GlobalSection(ExtensibilityGlobals) = postSolution
		SolutionGuid = {A9DD4C5C-B638-42C3-A1F3-4C9F513E3E42}
	EndGlobalSection
EndGlobal
